Microsoft Visual Studio Solution File, Format Version 12.00
# Visual Studio Version 17
VisualStudioVersion = 17.5.2.0
MinimumVisualStudioVersion = 10.0.40219.1
Project("{FAE04EC0-301F-11D3-BF4B-00C04F79EFBC}") = "buoi04_loop", "buoi04_loop\buoi04_loop.csproj", "{C29EDB4F-44B3-407C-4364-EAC89943D295}"
EndProject
Global
	GlobalSection(SolutionConfigurationPlatforms) = preSolution
		Debug|Any CPU = Debug|Any CPU
		Release|Any CPU = Release|Any CPU
	EndGlobalSection
	GlobalSection(ProjectConfigurationPlatforms) = postSolution
		{C29EDB4F-44B3-407C-4364-EAC89943D295}.Debug|Any CPU.ActiveCfg = Debug|Any CPU
		{C29EDB4F-44B3-407C-4364-EAC89943D295}.Debug|Any CPU.Build.0 = Debug|Any CPU
		{C29EDB4F-44B3-407C-4364-EAC89943D295}.Release|Any CPU.ActiveCfg = Release|Any CPU
		{C29EDB4F-44B3-407C-4364-EAC89943D295}.Release|Any CPU.Build.0 = Release|Any CPU
	EndGlobalSection
	GlobalSection(SolutionProperties) = preSolution
		HideSolutionNode = FALSE
	EndGlobalSection
	GlobalSection(ExtensibilityGlobals) = postSolution
		SolutionGuid = {F40AE3F2-840D-4394-B783-CD2A3A559970}
	EndGlobalSection
EndGlobal
