Microsoft Visual Studio Solution File, Format Version 12.00
# Visual Studio Version 17
VisualStudioVersion = 17.5.2.0
MinimumVisualStudioVersion = 10.0.40219.1
Project("{FAE04EC0-301F-11D3-BF4B-00C04F79EFBC}") = "buoi002", "buoi002\buoi002.csproj", "{03A10D60-CCC4-7576-534B-E0E780FD58EE}"
EndProject
Global
	GlobalSection(SolutionConfigurationPlatforms) = preSolution
		Debug|Any CPU = Debug|Any CPU
		Release|Any CPU = Release|Any CPU
	EndGlobalSection
	GlobalSection(ProjectConfigurationPlatforms) = postSolution
		{03A10D60-CCC4-7576-534B-E0E780FD58EE}.Debug|Any CPU.ActiveCfg = Debug|Any CPU
		{03A10D60-CCC4-7576-534B-E0E780FD58EE}.Debug|Any CPU.Build.0 = Debug|Any CPU
		{03A10D60-CCC4-7576-534B-E0E780FD58EE}.Release|Any CPU.ActiveCfg = Release|Any CPU
		{03A10D60-CCC4-7576-534B-E0E780FD58EE}.Release|Any CPU.Build.0 = Release|Any CPU
	EndGlobalSection
	GlobalSection(SolutionProperties) = preSolution
		HideSolutionNode = FALSE
	EndGlobalSection
	GlobalSection(ExtensibilityGlobals) = postSolution
		SolutionGuid = {96894F02-E873-4829-8112-A956AA1D14F7}
	EndGlobalSection
EndGlobal
