Microsoft Visual Studio Solution File, Format Version 12.00
# Visual Studio Version 17
VisualStudioVersion = 17.5.2.0
MinimumVisualStudioVersion = 10.0.40219.1
Project("{FAE04EC0-301F-11D3-BF4B-00C04F79EFBC}") = "Car_Phone", "Car_Phone\Car_Phone.csproj", "{7535F86C-C66A-08C6-7F1B-984E3820E4D0}"
EndProject
Global
	GlobalSection(SolutionConfigurationPlatforms) = preSolution
		Debug|Any CPU = Debug|Any CPU
		Release|Any CPU = Release|Any CPU
	EndGlobalSection
	GlobalSection(ProjectConfigurationPlatforms) = postSolution
		{7535F86C-C66A-08C6-7F1B-984E3820E4D0}.Debug|Any CPU.ActiveCfg = Debug|Any CPU
		{7535F86C-C66A-08C6-7F1B-984E3820E4D0}.Debug|Any CPU.Build.0 = Debug|Any CPU
		{7535F86C-C66A-08C6-7F1B-984E3820E4D0}.Release|Any CPU.ActiveCfg = Release|Any CPU
		{7535F86C-C66A-08C6-7F1B-984E3820E4D0}.Release|Any CPU.Build.0 = Release|Any CPU
	EndGlobalSection
	GlobalSection(SolutionProperties) = preSolution
		HideSolutionNode = FALSE
	EndGlobalSection
	GlobalSection(ExtensibilityGlobals) = postSolution
		SolutionGuid = {A0996A87-F049-4752-BA18-C0891FAEB2C5}
	EndGlobalSection
EndGlobal
