Microsoft Visual Studio Solution File, Format Version 12.00
# Visual Studio Version 17
VisualStudioVersion = 17.5.2.0
MinimumVisualStudioVersion = 10.0.40219.1
Project("{FAE04EC0-301F-11D3-BF4B-00C04F79EFBC}") = "buoi08_OOP", "buoi08_OOP\buoi08_OOP.csproj", "{8DED5B43-D089-B195-C425-40D8FA1CCB68}"
EndProject
Global
	GlobalSection(SolutionConfigurationPlatforms) = preSolution
		Debug|Any CPU = Debug|Any CPU
		Release|Any CPU = Release|Any CPU
	EndGlobalSection
	GlobalSection(ProjectConfigurationPlatforms) = postSolution
		{8DED5B43-D089-B195-C425-40D8FA1CCB68}.Debug|Any CPU.ActiveCfg = Debug|Any CPU
		{8DED5B43-D089-B195-C425-40D8FA1CCB68}.Debug|Any CPU.Build.0 = Debug|Any CPU
		{8DED5B43-D089-B195-C425-40D8FA1CCB68}.Release|Any CPU.ActiveCfg = Release|Any CPU
		{8DED5B43-D089-B195-C425-40D8FA1CCB68}.Release|Any CPU.Build.0 = Release|Any CPU
	EndGlobalSection
	GlobalSection(SolutionProperties) = preSolution
		HideSolutionNode = FALSE
	EndGlobalSection
	GlobalSection(ExtensibilityGlobals) = postSolution
		SolutionGuid = {A78C6ED7-00D5-4E4E-BC8B-1813B5A5BD1D}
	EndGlobalSection
EndGlobal
