Microsoft Visual Studio Solution File, Format Version 12.00
# Visual Studio Version 17
VisualStudioVersion = 17.5.2.0
MinimumVisualStudioVersion = 10.0.40219.1
Project("{FAE04EC0-301F-11D3-BF4B-00C04F79EFBC}") = "buoi08_luyentap", "buoi08_luyentap\buoi08_luyentap.csproj", "{8EF098D7-8EAD-1A6F-4B4C-AB482B64A376}"
EndProject
Global
	GlobalSection(SolutionConfigurationPlatforms) = preSolution
		Debug|Any CPU = Debug|Any CPU
		Release|Any CPU = Release|Any CPU
	EndGlobalSection
	GlobalSection(ProjectConfigurationPlatforms) = postSolution
		{8EF098D7-8EAD-1A6F-4B4C-AB482B64A376}.Debug|Any CPU.ActiveCfg = Debug|Any CPU
		{8EF098D7-8EAD-1A6F-4B4C-AB482B64A376}.Debug|Any CPU.Build.0 = Debug|Any CPU
		{8EF098D7-8EAD-1A6F-4B4C-AB482B64A376}.Release|Any CPU.ActiveCfg = Release|Any CPU
		{8EF098D7-8EAD-1A6F-4B4C-AB482B64A376}.Release|Any CPU.Build.0 = Release|Any CPU
	EndGlobalSection
	GlobalSection(SolutionProperties) = preSolution
		HideSolutionNode = FALSE
	EndGlobalSection
	GlobalSection(ExtensibilityGlobals) = postSolution
		SolutionGuid = {E36A525C-66AB-44AF-B248-0D93439055F8}
	EndGlobalSection
EndGlobal
