Microsoft Visual Studio Solution File, Format Version 12.00
# Visual Studio Version 17
VisualStudioVersion = 17.5.2.0
MinimumVisualStudioVersion = 10.0.40219.1
Project("{FAE04EC0-301F-11D3-BF4B-00C04F79EFBC}") = "buoi03", "buoi03\buoi03.csproj", "{CFC785C9-7892-0CDA-6801-921639DFEC20}"
EndProject
Global
	GlobalSection(SolutionConfigurationPlatforms) = preSolution
		Debug|Any CPU = Debug|Any CPU
		Release|Any CPU = Release|Any CPU
	EndGlobalSection
	GlobalSection(ProjectConfigurationPlatforms) = postSolution
		{CFC785C9-7892-0CDA-6801-921639DFEC20}.Debug|Any CPU.ActiveCfg = Debug|Any CPU
		{CFC785C9-7892-0CDA-6801-921639DFEC20}.Debug|Any CPU.Build.0 = Debug|Any CPU
		{CFC785C9-7892-0CDA-6801-921639DFEC20}.Release|Any CPU.ActiveCfg = Release|Any CPU
		{CFC785C9-7892-0CDA-6801-921639DFEC20}.Release|Any CPU.Build.0 = Release|Any CPU
	EndGlobalSection
	GlobalSection(SolutionProperties) = preSolution
		HideSolutionNode = FALSE
	EndGlobalSection
	GlobalSection(ExtensibilityGlobals) = postSolution
		SolutionGuid = {FF008FA9-E15D-4DB9-B08E-D4B35BA9A1C9}
	EndGlobalSection
EndGlobal
