Microsoft Visual Studio Solution File, Format Version 12.00
# Visual Studio Version 17
VisualStudioVersion = 17.5.2.0
MinimumVisualStudioVersion = 10.0.40219.1
Project("{FAE04EC0-301F-11D3-BF4B-00C04F79EFBC}") = "buoikhaigiang", "buoikhaigiang\buoikhaigiang.csproj", "{90A56C6B-4F05-B9BC-990A-10BA0AE696AB}"
EndProject
Global
	GlobalSection(SolutionConfigurationPlatforms) = preSolution
		Debug|Any CPU = Debug|Any CPU
		Release|Any CPU = Release|Any CPU
	EndGlobalSection
	GlobalSection(ProjectConfigurationPlatforms) = postSolution
		{90A56C6B-4F05-B9BC-990A-10BA0AE696AB}.Debug|Any CPU.ActiveCfg = Debug|Any CPU
		{90A56C6B-4F05-B9BC-990A-10BA0AE696AB}.Debug|Any CPU.Build.0 = Debug|Any CPU
		{90A56C6B-4F05-B9BC-990A-10BA0AE696AB}.Release|Any CPU.ActiveCfg = Release|Any CPU
		{90A56C6B-4F05-B9BC-990A-10BA0AE696AB}.Release|Any CPU.Build.0 = Release|Any CPU
	EndGlobalSection
	GlobalSection(SolutionProperties) = preSolution
		HideSolutionNode = FALSE
	EndGlobalSection
	GlobalSection(ExtensibilityGlobals) = postSolution
		SolutionGuid = {92C1274F-B6FE-482F-8371-0AC354C65104}
	EndGlobalSection
EndGlobal
